// !$*UTF8*$!
{
	archiveVersion = 1;
	classes = {
	};
	objectVersion = 55;
	objects = {

/* Begin PBXBuildFile section */
		5107841F2914306700BAF3E1 /* ApiController.swift in Sources */ = {isa = PBXBuildFile; fileRef = 5107841E2914306700BAF3E1 /* ApiController.swift */; };
		515989C12895B5FC005750BC /* BleController.swift in Sources */ = {isa = PBXBuildFile; fileRef = 515989C02895B5FC005750BC /* BleController.swift */; };
		515989C42895CE07005750BC /* CoreBluetooth.framework in Frameworks */ = {isa = PBXBuildFile; fileRef = 515989C32895CE07005750BC /* CoreBluetooth.framework */; };
		51623C46291014EA00D16E8B /* WifiSettingsView.swift in Sources */ = {isa = PBXBuildFile; fileRef = 51623C45291014EA00D16E8B /* WifiSettingsView.swift */; };
		51623C482910237300D16E8B /* ModeSelectView.swift in Sources */ = {isa = PBXBuildFile; fileRef = 51623C472910237300D16E8B /* ModeSelectView.swift */; };
		5175838328958FC6006F4992 /* bluetooth_saberApp.swift in Sources */ = {isa = PBXBuildFile; fileRef = 5175838228958FC6006F4992 /* bluetooth_saberApp.swift */; };
		5175838528958FC6006F4992 /* ContentView.swift in Sources */ = {isa = PBXBuildFile; fileRef = 5175838428958FC6006F4992 /* ContentView.swift */; };
		5175838728958FC7006F4992 /* Assets.xcassets in Resources */ = {isa = PBXBuildFile; fileRef = 5175838628958FC7006F4992 /* Assets.xcassets */; };
		5175838A28958FC7006F4992 /* Preview Assets.xcassets in Resources */ = {isa = PBXBuildFile; fileRef = 5175838928958FC7006F4992 /* Preview Assets.xcassets */; };
		5175838C28958FC7006F4992 /* Persistence.swift in Sources */ = {isa = PBXBuildFile; fileRef = 5175838B28958FC7006F4992 /* Persistence.swift */; };
		5175838F28958FC7006F4992 /* bluetooth_saber.xcdatamodeld in Sources */ = {isa = PBXBuildFile; fileRef = 5175838D28958FC7006F4992 /* bluetooth_saber.xcdatamodeld */; };
/* End PBXBuildFile section */

/* Begin PBXFileReference section */
		5107841E2914306700BAF3E1 /* ApiController.swift */ = {isa = PBXFileReference; lastKnownFileType = sourcecode.swift; path = ApiController.swift; sourceTree = "<group>"; };
		515989BF2895B1A1005750BC /* bluetooth-saber-Info.plist */ = {isa = PBXFileReference; lastKnownFileType = text.plist; path = "bluetooth-saber-Info.plist"; sourceTree = SOURCE_ROOT; };
		515989C02895B5FC005750BC /* BleController.swift */ = {isa = PBXFileReference; lastKnownFileType = sourcecode.swift; path = BleController.swift; sourceTree = "<group>"; };
		515989C32895CE07005750BC /* CoreBluetooth.framework */ = {isa = PBXFileReference; lastKnownFileType = wrapper.framework; name = CoreBluetooth.framework; path = System/Library/Frameworks/CoreBluetooth.framework; sourceTree = SDKROOT; };
		51623C45291014EA00D16E8B /* WifiSettingsView.swift */ = {isa = PBXFileReference; lastKnownFileType = sourcecode.swift; path = WifiSettingsView.swift; sourceTree = "<group>"; };
		51623C472910237300D16E8B /* ModeSelectView.swift */ = {isa = PBXFileReference; lastKnownFileType = sourcecode.swift; path = ModeSelectView.swift; sourceTree = "<group>"; };
		5175837F28958FC6006F4992 /* bluetooth saber.app */ = {isa = PBXFileReference; explicitFileType = wrapper.application; includeInIndex = 0; path = "bluetooth saber.app"; sourceTree = BUILT_PRODUCTS_DIR; };
		5175838228958FC6006F4992 /* bluetooth_saberApp.swift */ = {isa = PBXFileReference; lastKnownFileType = sourcecode.swift; path = bluetooth_saberApp.swift; sourceTree = "<group>"; };
		5175838428958FC6006F4992 /* ContentView.swift */ = {isa = PBXFileReference; lastKnownFileType = sourcecode.swift; path = ContentView.swift; sourceTree = "<group>"; };
		5175838628958FC7006F4992 /* Assets.xcassets */ = {isa = PBXFileReference; lastKnownFileType = folder.assetcatalog; path = Assets.xcassets; sourceTree = "<group>"; };
		5175838928958FC7006F4992 /* Preview Assets.xcassets */ = {isa = PBXFileReference; lastKnownFileType = folder.assetcatalog; path = "Preview Assets.xcassets"; sourceTree = "<group>"; };
		5175838B28958FC7006F4992 /* Persistence.swift */ = {isa = PBXFileReference; lastKnownFileType = sourcecode.swift; path = Persistence.swift; sourceTree = "<group>"; };
		5175838E28958FC7006F4992 /* bluetooth_saber.xcdatamodel */ = {isa = PBXFileReference; lastKnownFileType = wrapper.xcdatamodel; path = bluetooth_saber.xcdatamodel; sourceTree = "<group>"; };
/* End PBXFileReference section */

/* Begin PBXFrameworksBuildPhase section */
		5175837C28958FC6006F4992 /* Frameworks */ = {
			isa = PBXFrameworksBuildPhase;
			buildActionMask = 2147483647;
			files = (
				515989C42895CE07005750BC /* CoreBluetooth.framework in Frameworks */,
			);
			runOnlyForDeploymentPostprocessing = 0;
		};
/* End PBXFrameworksBuildPhase section */

/* Begin PBXGroup section */
		515989C22895CE07005750BC /* Frameworks */ = {
			isa = PBXGroup;
			children = (
				515989C32895CE07005750BC /* CoreBluetooth.framework */,
			);
			name = Frameworks;
			sourceTree = "<group>";
		};
		5175837628958FC6006F4992 = {
			isa = PBXGroup;
			children = (
				5175838128958FC6006F4992 /* bluetooth saber */,
				5175838028958FC6006F4992 /* Products */,
				515989C22895CE07005750BC /* Frameworks */,
			);
			sourceTree = "<group>";
		};
		5175838028958FC6006F4992 /* Products */ = {
			isa = PBXGroup;
			children = (
				5175837F28958FC6006F4992 /* bluetooth saber.app */,
			);
			name = Products;
			sourceTree = "<group>";
		};
		5175838128958FC6006F4992 /* bluetooth saber */ = {
			isa = PBXGroup;
			children = (
				515989BF2895B1A1005750BC /* bluetooth-saber-Info.plist */,
				5175838428958FC6006F4992 /* ContentView.swift */,
				5175838228958FC6006F4992 /* bluetooth_saberApp.swift */,
				515989C02895B5FC005750BC /* BleController.swift */,
				5175838628958FC7006F4992 /* Assets.xcassets */,
				5175838B28958FC7006F4992 /* Persistence.swift */,
				5175838D28958FC7006F4992 /* bluetooth_saber.xcdatamodeld */,
				5175838828958FC7006F4992 /* Preview Content */,
				51623C45291014EA00D16E8B /* WifiSettingsView.swift */,
				51623C472910237300D16E8B /* ModeSelectView.swift */,
				5107841E2914306700BAF3E1 /* ApiController.swift */,
			);
			path = "bluetooth saber";
			sourceTree = "<group>";
		};
		5175838828958FC7006F4992 /* Preview Content */ = {
			isa = PBXGroup;
			children = (
				5175838928958FC7006F4992 /* Preview Assets.xcassets */,
			);
			path = "Preview Content";
			sourceTree = "<group>";
		};
/* End PBXGroup section */

/* Begin PBXNativeTarget section */
		5175837E28958FC6006F4992 /* bluetooth saber */ = {
			isa = PBXNativeTarget;
			buildConfigurationList = 5175839228958FC7006F4992 /* Build configuration list for PBXNativeTarget "bluetooth saber" */;
			buildPhases = (
				5175837B28958FC6006F4992 /* Sources */,
				5175837C28958FC6006F4992 /* Frameworks */,
				5175837D28958FC6006F4992 /* Resources */,
			);
			buildRules = (
			);
			dependencies = (
			);
			name = "bluetooth saber";
			productName = "bluetooth saber";
			productReference = 5175837F28958FC6006F4992 /* bluetooth saber.app */;
			productType = "com.apple.product-type.application";
		};
/* End PBXNativeTarget section */

/* Begin PBXProject section */
		5175837728958FC6006F4992 /* Project object */ = {
			isa = PBXProject;
			attributes = {
				BuildIndependentTargetsInParallel = 1;
				LastSwiftUpdateCheck = 1340;
				LastUpgradeCheck = 1340;
				TargetAttributes = {
					5175837E28958FC6006F4992 = {
						CreatedOnToolsVersion = 13.4.1;
					};
				};
			};
			buildConfigurationList = 5175837A28958FC6006F4992 /* Build configuration list for PBXProject "bluetooth saber" */;
			compatibilityVersion = "Xcode 13.0";
			developmentRegion = en;
			hasScannedForEncodings = 0;
			knownRegions = (
				en,
				Base,
			);
			mainGroup = 5175837628958FC6006F4992;
			productRefGroup = 5175838028958FC6006F4992 /* Products */;
			projectDirPath = "";
			projectRoot = "";
			targets = (
				5175837E28958FC6006F4992 /* bluetooth saber */,
			);
		};
/* End PBXProject section */

/* Begin PBXResourcesBuildPhase section */
		5175837D28958FC6006F4992 /* Resources */ = {
			isa = PBXResourcesBuildPhase;
			buildActionMask = 2147483647;
			files = (
				5175838A28958FC7006F4992 /* Preview Assets.xcassets in Resources */,
				5175838728958FC7006F4992 /* Assets.xcassets in Resources */,
			);
			runOnlyForDeploymentPostprocessing = 0;
		};
/* End PBXResourcesBuildPhase section */

/* Begin PBXSourcesBuildPhase section */
		5175837B28958FC6006F4992 /* Sources */ = {
			isa = PBXSourcesBuildPhase;
			buildActionMask = 2147483647;
			files = (
				5175838C28958FC7006F4992 /* Persistence.swift in Sources */,
				51623C482910237300D16E8B /* ModeSelectView.swift in Sources */,
				515989C12895B5FC005750BC /* BleController.swift in Sources */,
				51623C46291014EA00D16E8B /* WifiSettingsView.swift in Sources */,
				5107841F2914306700BAF3E1 /* ApiController.swift in Sources */,
				5175838528958FC6006F4992 /* ContentView.swift in Sources */,
				5175838F28958FC7006F4992 /* bluetooth_saber.xcdatamodeld in Sources */,
				5175838328958FC6006F4992 /* bluetooth_saberApp.swift in Sources */,
			);
			runOnlyForDeploymentPostprocessing = 0;
		};
/* End PBXSourcesBuildPhase section */

/* Begin XCBuildConfiguration section */
		5175839028958FC7006F4992 /* Debug */ = {
			isa = XCBuildConfiguration;
			buildSettings = {
				ALWAYS_SEARCH_USER_PATHS = NO;
				CLANG_ANALYZER_NONNULL = YES;
				CLANG_ANALYZER_NUMBER_OBJECT_CONVERSION = YES_AGGRESSIVE;
				CLANG_CXX_LANGUAGE_STANDARD = "gnu++17";
				CLANG_ENABLE_MODULES = YES;
				CLANG_ENABLE_OBJC_ARC = YES;
				CLANG_ENABLE_OBJC_WEAK = YES;
				CLANG_WARN_BLOCK_CAPTURE_AUTORELEASING = YES;
				CLANG_WARN_BOOL_CONVERSION = YES;
				CLANG_WARN_COMMA = YES;
				CLANG_WARN_CONSTANT_CONVERSION = YES;
				CLANG_WARN_DEPRECATED_OBJC_IMPLEMENTATIONS = YES;
				CLANG_WARN_DIRECT_OBJC_ISA_USAGE = YES_ERROR;
				CLANG_WARN_DOCUMENTATION_COMMENTS = YES;
				CLANG_WARN_EMPTY_BODY = YES;
				CLANG_WARN_ENUM_CONVERSION = YES;
				CLANG_WARN_INFINITE_RECURSION = YES;
				CLANG_WARN_INT_CONVERSION = YES;
				CLANG_WARN_NON_LITERAL_NULL_CONVERSION = YES;
				CLANG_WARN_OBJC_IMPLICIT_RETAIN_SELF = YES;
				CLANG_WARN_OBJC_LITERAL_CONVERSION = YES;
				CLANG_WARN_OBJC_ROOT_CLASS = YES_ERROR;
				CLANG_WARN_QUOTED_INCLUDE_IN_FRAMEWORK_HEADER = YES;
				CLANG_WARN_RANGE_LOOP_ANALYSIS = YES;
				CLANG_WARN_STRICT_PROTOTYPES = YES;
				CLANG_WARN_SUSPICIOUS_MOVE = YES;
				CLANG_WARN_UNGUARDED_AVAILABILITY = YES_AGGRESSIVE;
				CLANG_WARN_UNREACHABLE_CODE = YES;
				CLANG_WARN__DUPLICATE_METHOD_MATCH = YES;
				COPY_PHASE_STRIP = NO;
				DEBUG_INFORMATION_FORMAT = dwarf;
				ENABLE_STRICT_OBJC_MSGSEND = YES;
				ENABLE_TESTABILITY = YES;
				GCC_C_LANGUAGE_STANDARD = gnu11;
				GCC_DYNAMIC_NO_PIC = NO;
				GCC_NO_COMMON_BLOCKS = YES;
				GCC_OPTIMIZATION_LEVEL = 0;
				GCC_PREPROCESSOR_DEFINITIONS = (
					"DEBUG=1",
					"$(inherited)",
				);
				GCC_WARN_64_TO_32_BIT_CONVERSION = YES;
				GCC_WARN_ABOUT_RETURN_TYPE = YES_ERROR;
				GCC_WARN_UNDECLARED_SELECTOR = YES;
				GCC_WARN_UNINITIALIZED_AUTOS = YES_AGGRESSIVE;
				GCC_WARN_UNUSED_FUNCTION = YES;
				GCC_WARN_UNUSED_VARIABLE = YES;
				IPHONEOS_DEPLOYMENT_TARGET = 15.5;
				MTL_ENABLE_DEBUG_INFO = INCLUDE_SOURCE;
				MTL_FAST_MATH = YES;
				ONLY_ACTIVE_ARCH = YES;
				SDKROOT = iphoneos;
				SWIFT_ACTIVE_COMPILATION_CONDITIONS = DEBUG;
				SWIFT_OPTIMIZATION_LEVEL = "-Onone";
			};
			name = Debug;
		};
		5175839128958FC7006F4992 /* Release */ = {
			isa = XCBuildConfiguration;
			buildSettings = {
				ALWAYS_SEARCH_USER_PATHS = NO;
				CLANG_ANALYZER_NONNULL = YES;
				CLANG_ANALYZER_NUMBER_OBJECT_CONVERSION = YES_AGGRESSIVE;
				CLANG_CXX_LANGUAGE_STANDARD = "gnu++17";
				CLANG_ENABLE_MODULES = YES;
				CLANG_ENABLE_OBJC_ARC = YES;
				CLANG_ENABLE_OBJC_WEAK = YES;
				CLANG_WARN_BLOCK_CAPTURE_AUTORELEASING = YES;
				CLANG_WARN_BOOL_CONVERSION = YES;
				CLANG_WARN_COMMA = YES;
				CLANG_WARN_CONSTANT_CONVERSION = YES;
				CLANG_WARN_DEPRECATED_OBJC_IMPLEMENTATIONS = YES;
				CLANG_WARN_DIRECT_OBJC_ISA_USAGE = YES_ERROR;
				CLANG_WARN_DOCUMENTATION_COMMENTS = YES;
				CLANG_WARN_EMPTY_BODY = YES;
				CLANG_WARN_ENUM_CONVERSION = YES;
				CLANG_WARN_INFINITE_RECURSION = YES;
				CLANG_WARN_INT_CONVERSION = YES;
				CLANG_WARN_NON_LITERAL_NULL_CONVERSION = YES;
				CLANG_WARN_OBJC_IMPLICIT_RETAIN_SELF = YES;
				CLANG_WARN_OBJC_LITERAL_CONVERSION = YES;
				CLANG_WARN_OBJC_ROOT_CLASS = YES_ERROR;
				CLANG_WARN_QUOTED_INCLUDE_IN_FRAMEWORK_HEADER = YES;
				CLANG_WARN_RANGE_LOOP_ANALYSIS = YES;
				CLANG_WARN_STRICT_PROTOTYPES = YES;
				CLANG_WARN_SUSPICIOUS_MOVE = YES;
				CLANG_WARN_UNGUARDED_AVAILABILITY = YES_AGGRESSIVE;
				CLANG_WARN_UNREACHABLE_CODE = YES;
				CLANG_WARN__DUPLICATE_METHOD_MATCH = YES;
				COPY_PHASE_STRIP = NO;
				DEBUG_INFORMATION_FORMAT = "dwarf-with-dsym";
				ENABLE_NS_ASSERTIONS = NO;
				ENABLE_STRICT_OBJC_MSGSEND = YES;
				GCC_C_LANGUAGE_STANDARD = gnu11;
				GCC_NO_COMMON_BLOCKS = YES;
				GCC_WARN_64_TO_32_BIT_CONVERSION = YES;
				GCC_WARN_ABOUT_RETURN_TYPE = YES_ERROR;
				GCC_WARN_UNDECLARED_SELECTOR = YES;
				GCC_WARN_UNINITIALIZED_AUTOS = YES_AGGRESSIVE;
				GCC_WARN_UNUSED_FUNCTION = YES;
				GCC_WARN_UNUSED_VARIABLE = YES;
				IPHONEOS_DEPLOYMENT_TARGET = 15.5;
				MTL_ENABLE_DEBUG_INFO = NO;
				MTL_FAST_MATH = YES;
				SDKROOT = iphoneos;
				SWIFT_COMPILATION_MODE = wholemodule;
				SWIFT_OPTIMIZATION_LEVEL = "-O";
				VALIDATE_PRODUCT = YES;
			};
			name = Release;
		};
		5175839328958FC7006F4992 /* Debug */ = {
			isa = XCBuildConfiguration;
			buildSettings = {
				ASSETCATALOG_COMPILER_APPICON_NAME = AppIcon;
				ASSETCATALOG_COMPILER_GLOBAL_ACCENT_COLOR_NAME = AccentColor;
				CODE_SIGN_STYLE = Automatic;
				CURRENT_PROJECT_VERSION = 1;
				DEVELOPMENT_ASSET_PATHS = "\"bluetooth saber/Preview Content\"";
				DEVELOPMENT_TEAM = 5V9VW9NW27;
				ENABLE_PREVIEWS = YES;
				GENERATE_INFOPLIST_FILE = YES;
				INFOPLIST_FILE = "bluetooth-saber-Info.plist";
				INFOPLIST_KEY_NSBluetoothAlwaysUsageDescription = "This app scans for bluetooth saber lamps";
				INFOPLIST_KEY_UIApplicationSceneManifest_Generation = YES;
				INFOPLIST_KEY_UIApplicationSupportsIndirectInputEvents = YES;
				INFOPLIST_KEY_UILaunchScreen_Generation = YES;
				INFOPLIST_KEY_UISupportedInterfaceOrientations_iPad = "UIInterfaceOrientationPortrait UIInterfaceOrientationPortraitUpsideDown UIInterfaceOrientationLandscapeLeft UIInterfaceOrientationLandscapeRight";
				INFOPLIST_KEY_UISupportedInterfaceOrientations_iPhone = "UIInterfaceOrientationPortrait UIInterfaceOrientationLandscapeLeft UIInterfaceOrientationLandscapeRight";
				LD_RUNPATH_SEARCH_PATHS = (
					"$(inherited)",
					"@executable_path/Frameworks",
				);
				MARKETING_VERSION = 1.0;
				PRODUCT_BUNDLE_IDENTIFIER = "jl.bluetooth-saber";
				PRODUCT_NAME = "$(TARGET_NAME)";
				SWIFT_EMIT_LOC_STRINGS = YES;
				SWIFT_VERSION = 5.0;
				TARGETED_DEVICE_FAMILY = "1,2";
			};
			name = Debug;
		};
		5175839428958FC7006F4992 /* Release */ = {
			isa = XCBuildConfiguration;
			buildSettings = {
				ASSETCATALOG_COMPILER_APPICON_NAME = AppIcon;
				ASSETCATALOG_COMPILER_GLOBAL_ACCENT_COLOR_NAME = AccentColor;
				CODE_SIGN_STYLE = Automatic;
				CURRENT_PROJECT_VERSION = 1;
				DEVELOPMENT_ASSET_PATHS = "\"bluetooth saber/Preview Content\"";
				DEVELOPMENT_TEAM = 5V9VW9NW27;
				ENABLE_PREVIEWS = YES;
				GENERATE_INFOPLIST_FILE = YES;
				INFOPLIST_FILE = "bluetooth-saber-Info.plist";
				INFOPLIST_KEY_NSBluetoothAlwaysUsageDescription = "This app scans for bluetooth saber lamps";
				INFOPLIST_KEY_UIApplicationSceneManifest_Generation = YES;
				INFOPLIST_KEY_UIApplicationSupportsIndirectInputEvents = YES;
				INFOPLIST_KEY_UILaunchScreen_Generation = YES;
				INFOPLIST_KEY_UISupportedInterfaceOrientations_iPad = "UIInterfaceOrientationPortrait UIInterfaceOrientationPortraitUpsideDown UIInterfaceOrientationLandscapeLeft UIInterfaceOrientationLandscapeRight";
				INFOPLIST_KEY_UISupportedInterfaceOrientations_iPhone = "UIInterfaceOrientationPortrait UIInterfaceOrientationLandscapeLeft UIInterfaceOrientationLandscapeRight";
				LD_RUNPATH_SEARCH_PATHS = (
					"$(inherited)",
					"@executable_path/Frameworks",
				);
				MARKETING_VERSION = 1.0;
				PRODUCT_BUNDLE_IDENTIFIER = "jl.bluetooth-saber";
				PRODUCT_NAME = "$(TARGET_NAME)";
				SWIFT_EMIT_LOC_STRINGS = YES;
				SWIFT_VERSION = 5.0;
				TARGETED_DEVICE_FAMILY = "1,2";
			};
			name = Release;
		};
/* End XCBuildConfiguration section */

/* Begin XCConfigurationList section */
		5175837A28958FC6006F4992 /* Build configuration list for PBXProject "bluetooth saber" */ = {
			isa = XCConfigurationList;
			buildConfigurations = (
				5175839028958FC7006F4992 /* Debug */,
				5175839128958FC7006F4992 /* Release */,
			);
			defaultConfigurationIsVisible = 0;
			defaultConfigurationName = Release;
		};
		5175839228958FC7006F4992 /* Build configuration list for PBXNativeTarget "bluetooth saber" */ = {
			isa = XCConfigurationList;
			buildConfigurations = (
				5175839328958FC7006F4992 /* Debug */,
				5175839428958FC7006F4992 /* Release */,
			);
			defaultConfigurationIsVisible = 0;
			defaultConfigurationName = Release;
		};
/* End XCConfigurationList section */

/* Begin XCVersionGroup section */
		5175838D28958FC7006F4992 /* bluetooth_saber.xcdatamodeld */ = {
			isa = XCVersionGroup;
			children = (
				5175838E28958FC7006F4992 /* bluetooth_saber.xcdatamodel */,
			);
			currentVersion = 5175838E28958FC7006F4992 /* bluetooth_saber.xcdatamodel */;
			path = bluetooth_saber.xcdatamodeld;
			sourceTree = "<group>";
			versionGroupType = wrapper.xcdatamodel;
		};
/* End XCVersionGroup section */
	};
	rootObject = 5175837728958FC6006F4992 /* Project object */;
}
